# This file is autogenerated, do not edit; changes may be undone by the next 'dep ensure'.


[[projects]]
  name = "github.com/zevdg/deptest"
  packages = ["."]
  revision = "034a488738aaf78315fc0131911ec9eb5b56a564"
  version = "v1.0.0"

[[projects]]
  name = "github.com/zevdg/deptest-bystander"
  packages = ["."]
  revision = "15e31c38683e2c7a17296017b8cb043b2ecd5be4"
  version = "v1.0.0"

[[projects]]
  name = "github.com/zevdg/deptest-oss-sauce"
  packages = ["."]
  revision = "a6ebc2fc6b42690a39875f9bb161d5d1153a6289"
  version = "v1.0.0"

[solve-meta]
  analyzer-name = "dep"
  analyzer-version = 1
  inputs-digest = "486727d19dc917b57e5adcb16beb983dfd90ca1b8958daa285fa8392cd84b28b"
  solver-name = "gps-cdcl"
  solver-version = 1
