# This file is autogenerated, do not edit; changes may be undone by the next 'dep ensure'.


[[projects]]
  name = "github.com/zevdg/deptest"
  packages = ["."]
  revision = "395b3cdcd980b9c06cc2320b2cc0374f836f3826"
  version = "v0.1.0"

[[projects]]
  name = "github.com/zevdg/deptest-bystander"
  packages = ["."]
  revision = "15e31c38683e2c7a17296017b8cb043b2ecd5be4"
  version = "v1.0.0"

[[projects]]
  name = "github.com/zevdg/deptest-secret-sauce"
  packages = ["."]
  revision = "3015f17450b4c0eb0ac4e43f5bf376b6473349e7"
  version = "v1.0.0"

[solve-meta]
  analyzer-name = "dep"
  analyzer-version = 1
  inputs-digest = "378fd55252347e9747a0fb6184714a274fc33dc3068baffce5f6904814405b24"
  solver-name = "gps-cdcl"
  solver-version = 1
